
Microsoft Visual Studio Solution File, Format Version 12.00
# Visual Studio Version 17
VisualStudioVersion = 17.10.35004.147
MinimumVisualStudioVersion = 10.0.40219.1
Project("{FAE04EC0-301F-11D3-BF4B-00C04F79EFBC}") = "app1 test", "app1 test\app1 test.csproj", "{13807466-C6A3-4F46-9642-3379FC85AA4C}"
EndProject
Global
	GlobalSection(SolutionConfigurationPlatforms) = preSolution
		Debug|Any CPU = Debug|Any CPU
		Release|Any CPU = Release|Any CPU
	EndGlobalSection
	GlobalSection(ProjectConfigurationPlatforms) = postSolution
		{13807466-C6A3-4F46-9642-3379FC85AA4C}.Debug|Any CPU.ActiveCfg = Debug|Any CPU
		{13807466-C6A3-4F46-9642-3379FC85AA4C}.Debug|Any CPU.Build.0 = Debug|Any CPU
		{13807466-C6A3-4F46-9642-3379FC85AA4C}.Release|Any CPU.ActiveCfg = Release|Any CPU
		{13807466-C6A3-4F46-9642-3379FC85AA4C}.Release|Any CPU.Build.0 = Release|Any CPU
	EndGlobalSection
	GlobalSection(SolutionProperties) = preSolution
		HideSolutionNode = FALSE
	EndGlobalSection
	GlobalSection(ExtensibilityGlobals) = postSolution
		SolutionGuid = {525528F1-065F-47A1-B0CC-21A059927EB4}
	EndGlobalSection
EndGlobal
